
Microsoft Visual Studio Solution File, Format Version 11.00
# Visual C# Express 2010
Project("{FAE04EC0-301F-11D3-BF4B-00C04F79EFBC}") = "Prime", "Prime\Prime\Prime.csproj", "{24FE8EA8-41AB-4A6F-A9E3-1F9B79899B89}"
EndProject
Project("{96E2B04D-8817-42C6-938A-82C39BA4D311}") = "PrimeContent", "Prime\PrimeContent\PrimeContent.contentproj", "{84AF8D90-D7FC-4974-9327-7154164144B1}"
EndProject
Global
	GlobalSection(SolutionConfigurationPlatforms) = preSolution
		Debug|x86 = Debug|x86
		Release|x86 = Release|x86
	EndGlobalSection
	GlobalSection(ProjectConfigurationPlatforms) = postSolution
		{24FE8EA8-41AB-4A6F-A9E3-1F9B79899B89}.Debug|x86.ActiveCfg = Debug|x86
		{24FE8EA8-41AB-4A6F-A9E3-1F9B79899B89}.Debug|x86.Build.0 = Debug|x86
		{24FE8EA8-41AB-4A6F-A9E3-1F9B79899B89}.Release|x86.ActiveCfg = Release|x86
		{24FE8EA8-41AB-4A6F-A9E3-1F9B79899B89}.Release|x86.Build.0 = Release|x86
		{84AF8D90-D7FC-4974-9327-7154164144B1}.Debug|x86.ActiveCfg = Debug|x86
		{84AF8D90-D7FC-4974-9327-7154164144B1}.Release|x86.ActiveCfg = Release|x86
	EndGlobalSection
	GlobalSection(SolutionProperties) = preSolution
		HideSolutionNode = FALSE
	EndGlobalSection
EndGlobal
